// !$*UTF8*$!
{
	archiveVersion = 1;
	classes = {
	};
	objectVersion = 50;
	objects = {

/* Begin PBXBuildFile section */
		39E4126D227584AC00714644 /* AppDelegate.m in Sources */ = {isa = PBXBuildFile; fileRef = 39E4126C227584AC00714644 /* AppDelegate.m */; };
		39E41270227584AC00714644 /* ViewController.m in Sources */ = {isa = PBXBuildFile; fileRef = 39E4126F227584AC00714644 /* ViewController.m */; };
		39E41273227584AC00714644 /* Main.storyboard in Resources */ = {isa = PBXBuildFile; fileRef = 39E41271227584AC00714644 /* Main.storyboard */; };
		39E41275227584AE00714644 /* Assets.xcassets in Resources */ = {isa = PBXBuildFile; fileRef = 39E41274227584AE00714644 /* Assets.xcassets */; };
		39E41278227584AE00714644 /* LaunchScreen.storyboard in Resources */ = {isa = PBXBuildFile; fileRef = 39E41276227584AE00714644 /* LaunchScreen.storyboard */; };
		39E4127B227584AE00714644 /* main.m in Sources */ = {isa = PBXBuildFile; fileRef = 39E4127A227584AE00714644 /* main.m */; };
		39E41285227584AE00714644 /* podTestTests.m in Sources */ = {isa = PBXBuildFile; fileRef = 39E41284227584AE00714644 /* podTestTests.m */; };
		39E41290227584AE00714644 /* podTestUITests.m in Sources */ = {isa = PBXBuildFile; fileRef = 39E4128F227584AE00714644 /* podTestUITests.m */; };
		39E4129F227584D400714644 /* NSMutableDictionary+SGAnalysisJson.m in Sources */ = {isa = PBXBuildFile; fileRef = 39E4129E227584D400714644 /* NSMutableDictionary+SGAnalysisJson.m */; };
/* End PBXBuildFile section */

/* Begin PBXContainerItemProxy section */
		39E41281227584AE00714644 /* PBXContainerItemProxy */ = {
			isa = PBXContainerItemProxy;
			containerPortal = 39E41260227584AC00714644 /* Project object */;
			proxyType = 1;
			remoteGlobalIDString = 39E41267227584AC00714644;
			remoteInfo = podTest;
		};
		39E4128C227584AE00714644 /* PBXContainerItemProxy */ = {
			isa = PBXContainerItemProxy;
			containerPortal = 39E41260227584AC00714644 /* Project object */;
			proxyType = 1;
			remoteGlobalIDString = 39E41267227584AC00714644;
			remoteInfo = podTest;
		};
/* End PBXContainerItemProxy section */

/* Begin PBXFileReference section */
		39E41268227584AC00714644 /* podTest.app */ = {isa = PBXFileReference; explicitFileType = wrapper.application; includeInIndex = 0; path = podTest.app; sourceTree = BUILT_PRODUCTS_DIR; };
		39E4126B227584AC00714644 /* AppDelegate.h */ = {isa = PBXFileReference; lastKnownFileType = sourcecode.c.h; path = AppDelegate.h; sourceTree = "<group>"; };
		39E4126C227584AC00714644 /* AppDelegate.m */ = {isa = PBXFileReference; lastKnownFileType = sourcecode.c.objc; path = AppDelegate.m; sourceTree = "<group>"; };
		39E4126E227584AC00714644 /* ViewController.h */ = {isa = PBXFileReference; lastKnownFileType = sourcecode.c.h; path = ViewController.h; sourceTree = "<group>"; };
		39E4126F227584AC00714644 /* ViewController.m */ = {isa = PBXFileReference; lastKnownFileType = sourcecode.c.objc; path = ViewController.m; sourceTree = "<group>"; };
		39E41272227584AC00714644 /* Base */ = {isa = PBXFileReference; lastKnownFileType = file.storyboard; name = Base; path = Base.lproj/Main.storyboard; sourceTree = "<group>"; };
		39E41274227584AE00714644 /* Assets.xcassets */ = {isa = PBXFileReference; lastKnownFileType = folder.assetcatalog; path = Assets.xcassets; sourceTree = "<group>"; };
		39E41277227584AE00714644 /* Base */ = {isa = PBXFileReference; lastKnownFileType = file.storyboard; name = Base; path = Base.lproj/LaunchScreen.storyboard; sourceTree = "<group>"; };
		39E41279227584AE00714644 /* Info.plist */ = {isa = PBXFileReference; lastKnownFileType = text.plist.xml; path = Info.plist; sourceTree = "<group>"; };
		39E4127A227584AE00714644 /* main.m */ = {isa = PBXFileReference; lastKnownFileType = sourcecode.c.objc; path = main.m; sourceTree = "<group>"; };
		39E41280227584AE00714644 /* podTestTests.xctest */ = {isa = PBXFileReference; explicitFileType = wrapper.cfbundle; includeInIndex = 0; path = podTestTests.xctest; sourceTree = BUILT_PRODUCTS_DIR; };
		39E41284227584AE00714644 /* podTestTests.m */ = {isa = PBXFileReference; lastKnownFileType = sourcecode.c.objc; path = podTestTests.m; sourceTree = "<group>"; };
		39E41286227584AE00714644 /* Info.plist */ = {isa = PBXFileReference; lastKnownFileType = text.plist.xml; path = Info.plist; sourceTree = "<group>"; };
		39E4128B227584AE00714644 /* podTestUITests.xctest */ = {isa = PBXFileReference; explicitFileType = wrapper.cfbundle; includeInIndex = 0; path = podTestUITests.xctest; sourceTree = BUILT_PRODUCTS_DIR; };
		39E4128F227584AE00714644 /* podTestUITests.m */ = {isa = PBXFileReference; lastKnownFileType = sourcecode.c.objc; path = podTestUITests.m; sourceTree = "<group>"; };
		39E41291227584AE00714644 /* Info.plist */ = {isa = PBXFileReference; lastKnownFileType = text.plist.xml; path = Info.plist; sourceTree = "<group>"; };
		39E4129D227584D400714644 /* NSMutableDictionary+SGAnalysisJson.h */ = {isa = PBXFileReference; fileEncoding = 4; lastKnownFileType = sourcecode.c.h; path = "NSMutableDictionary+SGAnalysisJson.h"; sourceTree = "<group>"; };
		39E4129E227584D400714644 /* NSMutableDictionary+SGAnalysisJson.m */ = {isa = PBXFileReference; fileEncoding = 4; lastKnownFileType = sourcecode.c.objc; path = "NSMutableDictionary+SGAnalysisJson.m"; sourceTree = "<group>"; };
/* End PBXFileReference section */

/* Begin PBXFrameworksBuildPhase section */
		39E41265227584AC00714644 /* Frameworks */ = {
			isa = PBXFrameworksBuildPhase;
			buildActionMask = 2147483647;
			files = (
			);
			runOnlyForDeploymentPostprocessing = 0;
		};
		39E4127D227584AE00714644 /* Frameworks */ = {
			isa = PBXFrameworksBuildPhase;
			buildActionMask = 2147483647;
			files = (
			);
			runOnlyForDeploymentPostprocessing = 0;
		};
		39E41288227584AE00714644 /* Frameworks */ = {
			isa = PBXFrameworksBuildPhase;
			buildActionMask = 2147483647;
			files = (
			);
			runOnlyForDeploymentPostprocessing = 0;
		};
/* End PBXFrameworksBuildPhase section */

/* Begin PBXGroup section */
		39E4125F227584AC00714644 = {
			isa = PBXGroup;
			children = (
				39E4126A227584AC00714644 /* podTest */,
				39E41283227584AE00714644 /* podTestTests */,
				39E4128E227584AE00714644 /* podTestUITests */,
				39E41269227584AC00714644 /* Products */,
			);
			sourceTree = "<group>";
		};
		39E41269227584AC00714644 /* Products */ = {
			isa = PBXGroup;
			children = (
				39E41268227584AC00714644 /* podTest.app */,
				39E41280227584AE00714644 /* podTestTests.xctest */,
				39E4128B227584AE00714644 /* podTestUITests.xctest */,
			);
			name = Products;
			sourceTree = "<group>";
		};
		39E4126A227584AC00714644 /* podTest */ = {
			isa = PBXGroup;
			children = (
				39E4126B227584AC00714644 /* AppDelegate.h */,
				39E4126C227584AC00714644 /* AppDelegate.m */,
				39E4126E227584AC00714644 /* ViewController.h */,
				39E4126F227584AC00714644 /* ViewController.m */,
				39E4129D227584D400714644 /* NSMutableDictionary+SGAnalysisJson.h */,
				39E4129E227584D400714644 /* NSMutableDictionary+SGAnalysisJson.m */,
				39E41271227584AC00714644 /* Main.storyboard */,
				39E41274227584AE00714644 /* Assets.xcassets */,
				39E41276227584AE00714644 /* LaunchScreen.storyboard */,
				39E41279227584AE00714644 /* Info.plist */,
				39E4127A227584AE00714644 /* main.m */,
			);
			path = podTest;
			sourceTree = "<group>";
		};
		39E41283227584AE00714644 /* podTestTests */ = {
			isa = PBXGroup;
			children = (
				39E41284227584AE00714644 /* podTestTests.m */,
				39E41286227584AE00714644 /* Info.plist */,
			);
			path = podTestTests;
			sourceTree = "<group>";
		};
		39E4128E227584AE00714644 /* podTestUITests */ = {
			isa = PBXGroup;
			children = (
				39E4128F227584AE00714644 /* podTestUITests.m */,
				39E41291227584AE00714644 /* Info.plist */,
			);
			path = podTestUITests;
			sourceTree = "<group>";
		};
/* End PBXGroup section */

/* Begin PBXNativeTarget section */
		39E41267227584AC00714644 /* podTest */ = {
			isa = PBXNativeTarget;
			buildConfigurationList = 39E41294227584AE00714644 /* Build configuration list for PBXNativeTarget "podTest" */;
			buildPhases = (
				39E41264227584AC00714644 /* Sources */,
				39E41265227584AC00714644 /* Frameworks */,
				39E41266227584AC00714644 /* Resources */,
			);
			buildRules = (
			);
			dependencies = (
			);
			name = podTest;
			productName = podTest;
			productReference = 39E41268227584AC00714644 /* podTest.app */;
			productType = "com.apple.product-type.application";
		};
		39E4127F227584AE00714644 /* podTestTests */ = {
			isa = PBXNativeTarget;
			buildConfigurationList = 39E41297227584AE00714644 /* Build configuration list for PBXNativeTarget "podTestTests" */;
			buildPhases = (
				39E4127C227584AE00714644 /* Sources */,
				39E4127D227584AE00714644 /* Frameworks */,
				39E4127E227584AE00714644 /* Resources */,
			);
			buildRules = (
			);
			dependencies = (
				39E41282227584AE00714644 /* PBXTargetDependency */,
			);
			name = podTestTests;
			productName = podTestTests;
			productReference = 39E41280227584AE00714644 /* podTestTests.xctest */;
			productType = "com.apple.product-type.bundle.unit-test";
		};
		39E4128A227584AE00714644 /* podTestUITests */ = {
			isa = PBXNativeTarget;
			buildConfigurationList = 39E4129A227584AE00714644 /* Build configuration list for PBXNativeTarget "podTestUITests" */;
			buildPhases = (
				39E41287227584AE00714644 /* Sources */,
				39E41288227584AE00714644 /* Frameworks */,
				39E41289227584AE00714644 /* Resources */,
			);
			buildRules = (
			);
			dependencies = (
				39E4128D227584AE00714644 /* PBXTargetDependency */,
			);
			name = podTestUITests;
			productName = podTestUITests;
			productReference = 39E4128B227584AE00714644 /* podTestUITests.xctest */;
			productType = "com.apple.product-type.bundle.ui-testing";
		};
/* End PBXNativeTarget section */

/* Begin PBXProject section */
		39E41260227584AC00714644 /* Project object */ = {
			isa = PBXProject;
			attributes = {
				LastUpgradeCheck = 1020;
				ORGANIZATIONNAME = min;
				TargetAttributes = {
					39E41267227584AC00714644 = {
						CreatedOnToolsVersion = 10.2;
					};
					39E4127F227584AE00714644 = {
						CreatedOnToolsVersion = 10.2;
						TestTargetID = 39E41267227584AC00714644;
					};
					39E4128A227584AE00714644 = {
						CreatedOnToolsVersion = 10.2;
						TestTargetID = 39E41267227584AC00714644;
					};
				};
			};
			buildConfigurationList = 39E41263227584AC00714644 /* Build configuration list for PBXProject "podTest" */;
			compatibilityVersion = "Xcode 9.3";
			developmentRegion = en;
			hasScannedForEncodings = 0;
			knownRegions = (
				en,
				Base,
			);
			mainGroup = 39E4125F227584AC00714644;
			productRefGroup = 39E41269227584AC00714644 /* Products */;
			projectDirPath = "";
			projectRoot = "";
			targets = (
				39E41267227584AC00714644 /* podTest */,
				39E4127F227584AE00714644 /* podTestTests */,
				39E4128A227584AE00714644 /* podTestUITests */,
			);
		};
/* End PBXProject section */

/* Begin PBXResourcesBuildPhase section */
		39E41266227584AC00714644 /* Resources */ = {
			isa = PBXResourcesBuildPhase;
			buildActionMask = 2147483647;
			files = (
				39E41278227584AE00714644 /* LaunchScreen.storyboard in Resources */,
				39E41275227584AE00714644 /* Assets.xcassets in Resources */,
				39E41273227584AC00714644 /* Main.storyboard in Resources */,
			);
			runOnlyForDeploymentPostprocessing = 0;
		};
		39E4127E227584AE00714644 /* Resources */ = {
			isa = PBXResourcesBuildPhase;
			buildActionMask = 2147483647;
			files = (
			);
			runOnlyForDeploymentPostprocessing = 0;
		};
		39E41289227584AE00714644 /* Resources */ = {
			isa = PBXResourcesBuildPhase;
			buildActionMask = 2147483647;
			files = (
			);
			runOnlyForDeploymentPostprocessing = 0;
		};
/* End PBXResourcesBuildPhase section */

/* Begin PBXSourcesBuildPhase section */
		39E41264227584AC00714644 /* Sources */ = {
			isa = PBXSourcesBuildPhase;
			buildActionMask = 2147483647;
			files = (
				39E41270227584AC00714644 /* ViewController.m in Sources */,
				39E4127B227584AE00714644 /* main.m in Sources */,
				39E4126D227584AC00714644 /* AppDelegate.m in Sources */,
				39E4129F227584D400714644 /* NSMutableDictionary+SGAnalysisJson.m in Sources */,
			);
			runOnlyForDeploymentPostprocessing = 0;
		};
		39E4127C227584AE00714644 /* Sources */ = {
			isa = PBXSourcesBuildPhase;
			buildActionMask = 2147483647;
			files = (
				39E41285227584AE00714644 /* podTestTests.m in Sources */,
			);
			runOnlyForDeploymentPostprocessing = 0;
		};
		39E41287227584AE00714644 /* Sources */ = {
			isa = PBXSourcesBuildPhase;
			buildActionMask = 2147483647;
			files = (
				39E41290227584AE00714644 /* podTestUITests.m in Sources */,
			);
			runOnlyForDeploymentPostprocessing = 0;
		};
/* End PBXSourcesBuildPhase section */

/* Begin PBXTargetDependency section */
		39E41282227584AE00714644 /* PBXTargetDependency */ = {
			isa = PBXTargetDependency;
			target = 39E41267227584AC00714644 /* podTest */;
			targetProxy = 39E41281227584AE00714644 /* PBXContainerItemProxy */;
		};
		39E4128D227584AE00714644 /* PBXTargetDependency */ = {
			isa = PBXTargetDependency;
			target = 39E41267227584AC00714644 /* podTest */;
			targetProxy = 39E4128C227584AE00714644 /* PBXContainerItemProxy */;
		};
/* End PBXTargetDependency section */

/* Begin PBXVariantGroup section */
		39E41271227584AC00714644 /* Main.storyboard */ = {
			isa = PBXVariantGroup;
			children = (
				39E41272227584AC00714644 /* Base */,
			);
			name = Main.storyboard;
			sourceTree = "<group>";
		};
		39E41276227584AE00714644 /* LaunchScreen.storyboard */ = {
			isa = PBXVariantGroup;
			children = (
				39E41277227584AE00714644 /* Base */,
			);
			name = LaunchScreen.storyboard;
			sourceTree = "<group>";
		};
/* End PBXVariantGroup section */

/* Begin XCBuildConfiguration section */
		39E41292227584AE00714644 /* Debug */ = {
			isa = XCBuildConfiguration;
			buildSettings = {
				ALWAYS_SEARCH_USER_PATHS = NO;
				CLANG_ANALYZER_NONNULL = YES;
				CLANG_ANALYZER_NUMBER_OBJECT_CONVERSION = YES_AGGRESSIVE;
				CLANG_CXX_LANGUAGE_STANDARD = "gnu++14";
				CLANG_CXX_LIBRARY = "libc++";
				CLANG_ENABLE_MODULES = YES;
				CLANG_ENABLE_OBJC_ARC = YES;
				CLANG_ENABLE_OBJC_WEAK = YES;
				CLANG_WARN_BLOCK_CAPTURE_AUTORELEASING = YES;
				CLANG_WARN_BOOL_CONVERSION = YES;
				CLANG_WARN_COMMA = YES;
				CLANG_WARN_CONSTANT_CONVERSION = YES;
				CLANG_WARN_DEPRECATED_OBJC_IMPLEMENTATIONS = YES;
				CLANG_WARN_DIRECT_OBJC_ISA_USAGE = YES_ERROR;
				CLANG_WARN_DOCUMENTATION_COMMENTS = YES;
				CLANG_WARN_EMPTY_BODY = YES;
				CLANG_WARN_ENUM_CONVERSION = YES;
				CLANG_WARN_INFINITE_RECURSION = YES;
				CLANG_WARN_INT_CONVERSION = YES;
				CLANG_WARN_NON_LITERAL_NULL_CONVERSION = YES;
				CLANG_WARN_OBJC_IMPLICIT_RETAIN_SELF = YES;
				CLANG_WARN_OBJC_LITERAL_CONVERSION = YES;
				CLANG_WARN_OBJC_ROOT_CLASS = YES_ERROR;
				CLANG_WARN_RANGE_LOOP_ANALYSIS = YES;
				CLANG_WARN_STRICT_PROTOTYPES = YES;
				CLANG_WARN_SUSPICIOUS_MOVE = YES;
				CLANG_WARN_UNGUARDED_AVAILABILITY = YES_AGGRESSIVE;
				CLANG_WARN_UNREACHABLE_CODE = YES;
				CLANG_WARN__DUPLICATE_METHOD_MATCH = YES;
				CODE_SIGN_IDENTITY = "iPhone Developer";
				COPY_PHASE_STRIP = NO;
				DEBUG_INFORMATION_FORMAT = dwarf;
				ENABLE_STRICT_OBJC_MSGSEND = YES;
				ENABLE_TESTABILITY = YES;
				GCC_C_LANGUAGE_STANDARD = gnu11;
				GCC_DYNAMIC_NO_PIC = NO;
				GCC_NO_COMMON_BLOCKS = YES;
				GCC_OPTIMIZATION_LEVEL = 0;
				GCC_PREPROCESSOR_DEFINITIONS = (
					"DEBUG=1",
					"$(inherited)",
				);
				GCC_WARN_64_TO_32_BIT_CONVERSION = YES;
				GCC_WARN_ABOUT_RETURN_TYPE = YES_ERROR;
				GCC_WARN_UNDECLARED_SELECTOR = YES;
				GCC_WARN_UNINITIALIZED_AUTOS = YES_AGGRESSIVE;
				GCC_WARN_UNUSED_FUNCTION = YES;
				GCC_WARN_UNUSED_VARIABLE = YES;
				IPHONEOS_DEPLOYMENT_TARGET = 12.2;
				MTL_ENABLE_DEBUG_INFO = INCLUDE_SOURCE;
				MTL_FAST_MATH = YES;
				ONLY_ACTIVE_ARCH = YES;
				SDKROOT = iphoneos;
			};
			name = Debug;
		};
		39E41293227584AE00714644 /* Release */ = {
			isa = XCBuildConfiguration;
			buildSettings = {
				ALWAYS_SEARCH_USER_PATHS = NO;
				CLANG_ANALYZER_NONNULL = YES;
				CLANG_ANALYZER_NUMBER_OBJECT_CONVERSION = YES_AGGRESSIVE;
				CLANG_CXX_LANGUAGE_STANDARD = "gnu++14";
				CLANG_CXX_LIBRARY = "libc++";
				CLANG_ENABLE_MODULES = YES;
				CLANG_ENABLE_OBJC_ARC = YES;
				CLANG_ENABLE_OBJC_WEAK = YES;
				CLANG_WARN_BLOCK_CAPTURE_AUTORELEASING = YES;
				CLANG_WARN_BOOL_CONVERSION = YES;
				CLANG_WARN_COMMA = YES;
				CLANG_WARN_CONSTANT_CONVERSION = YES;
				CLANG_WARN_DEPRECATED_OBJC_IMPLEMENTATIONS = YES;
				CLANG_WARN_DIRECT_OBJC_ISA_USAGE = YES_ERROR;
				CLANG_WARN_DOCUMENTATION_COMMENTS = YES;
				CLANG_WARN_EMPTY_BODY = YES;
				CLANG_WARN_ENUM_CONVERSION = YES;
				CLANG_WARN_INFINITE_RECURSION = YES;
				CLANG_WARN_INT_CONVERSION = YES;
				CLANG_WARN_NON_LITERAL_NULL_CONVERSION = YES;
				CLANG_WARN_OBJC_IMPLICIT_RETAIN_SELF = YES;
				CLANG_WARN_OBJC_LITERAL_CONVERSION = YES;
				CLANG_WARN_OBJC_ROOT_CLASS = YES_ERROR;
				CLANG_WARN_RANGE_LOOP_ANALYSIS = YES;
				CLANG_WARN_STRICT_PROTOTYPES = YES;
				CLANG_WARN_SUSPICIOUS_MOVE = YES;
				CLANG_WARN_UNGUARDED_AVAILABILITY = YES_AGGRESSIVE;
				CLANG_WARN_UNREACHABLE_CODE = YES;
				CLANG_WARN__DUPLICATE_METHOD_MATCH = YES;
				CODE_SIGN_IDENTITY = "iPhone Developer";
				COPY_PHASE_STRIP = NO;
				DEBUG_INFORMATION_FORMAT = "dwarf-with-dsym";
				ENABLE_NS_ASSERTIONS = NO;
				ENABLE_STRICT_OBJC_MSGSEND = YES;
				GCC_C_LANGUAGE_STANDARD = gnu11;
				GCC_NO_COMMON_BLOCKS = YES;
				GCC_WARN_64_TO_32_BIT_CONVERSION = YES;
				GCC_WARN_ABOUT_RETURN_TYPE = YES_ERROR;
				GCC_WARN_UNDECLARED_SELECTOR = YES;
				GCC_WARN_UNINITIALIZED_AUTOS = YES_AGGRESSIVE;
				GCC_WARN_UNUSED_FUNCTION = YES;
				GCC_WARN_UNUSED_VARIABLE = YES;
				IPHONEOS_DEPLOYMENT_TARGET = 12.2;
				MTL_ENABLE_DEBUG_INFO = NO;
				MTL_FAST_MATH = YES;
				SDKROOT = iphoneos;
				VALIDATE_PRODUCT = YES;
			};
			name = Release;
		};
		39E41295227584AE00714644 /* Debug */ = {
			isa = XCBuildConfiguration;
			buildSettings = {
				ASSETCATALOG_COMPILER_APPICON_NAME = AppIcon;
				CODE_SIGN_STYLE = Automatic;
				INFOPLIST_FILE = podTest/Info.plist;
				LD_RUNPATH_SEARCH_PATHS = (
					"$(inherited)",
					"@executable_path/Frameworks",
				);
				PRODUCT_BUNDLE_IDENTIFIER = xsd.podTest;
				PRODUCT_NAME = "$(TARGET_NAME)";
				TARGETED_DEVICE_FAMILY = "1,2";
			};
			name = Debug;
		};
		39E41296227584AE00714644 /* Release */ = {
			isa = XCBuildConfiguration;
			buildSettings = {
				ASSETCATALOG_COMPILER_APPICON_NAME = AppIcon;
				CODE_SIGN_STYLE = Automatic;
				INFOPLIST_FILE = podTest/Info.plist;
				LD_RUNPATH_SEARCH_PATHS = (
					"$(inherited)",
					"@executable_path/Frameworks",
				);
				PRODUCT_BUNDLE_IDENTIFIER = xsd.podTest;
				PRODUCT_NAME = "$(TARGET_NAME)";
				TARGETED_DEVICE_FAMILY = "1,2";
			};
			name = Release;
		};
		39E41298227584AE00714644 /* Debug */ = {
			isa = XCBuildConfiguration;
			buildSettings = {
				BUNDLE_LOADER = "$(TEST_HOST)";
				CODE_SIGN_STYLE = Automatic;
				INFOPLIST_FILE = podTestTests/Info.plist;
				LD_RUNPATH_SEARCH_PATHS = (
					"$(inherited)",
					"@executable_path/Frameworks",
					"@loader_path/Frameworks",
				);
				PRODUCT_BUNDLE_IDENTIFIER = xsd.podTestTests;
				PRODUCT_NAME = "$(TARGET_NAME)";
				TARGETED_DEVICE_FAMILY = "1,2";
				TEST_HOST = "$(BUILT_PRODUCTS_DIR)/podTest.app/podTest";
			};
			name = Debug;
		};
		39E41299227584AE00714644 /* Release */ = {
			isa = XCBuildConfiguration;
			buildSettings = {
				BUNDLE_LOADER = "$(TEST_HOST)";
				CODE_SIGN_STYLE = Automatic;
				INFOPLIST_FILE = podTestTests/Info.plist;
				LD_RUNPATH_SEARCH_PATHS = (
					"$(inherited)",
					"@executable_path/Frameworks",
					"@loader_path/Frameworks",
				);
				PRODUCT_BUNDLE_IDENTIFIER = xsd.podTestTests;
				PRODUCT_NAME = "$(TARGET_NAME)";
				TARGETED_DEVICE_FAMILY = "1,2";
				TEST_HOST = "$(BUILT_PRODUCTS_DIR)/podTest.app/podTest";
			};
			name = Release;
		};
		39E4129B227584AE00714644 /* Debug */ = {
			isa = XCBuildConfiguration;
			buildSettings = {
				CODE_SIGN_STYLE = Automatic;
				INFOPLIST_FILE = podTestUITests/Info.plist;
				LD_RUNPATH_SEARCH_PATHS = (
					"$(inherited)",
					"@executable_path/Frameworks",
					"@loader_path/Frameworks",
				);
				PRODUCT_BUNDLE_IDENTIFIER = xsd.podTestUITests;
				PRODUCT_NAME = "$(TARGET_NAME)";
				TARGETED_DEVICE_FAMILY = "1,2";
				TEST_TARGET_NAME = podTest;
			};
			name = Debug;
		};
		39E4129C227584AE00714644 /* Release */ = {
			isa = XCBuildConfiguration;
			buildSettings = {
				CODE_SIGN_STYLE = Automatic;
				INFOPLIST_FILE = podTestUITests/Info.plist;
				LD_RUNPATH_SEARCH_PATHS = (
					"$(inherited)",
					"@executable_path/Frameworks",
					"@loader_path/Frameworks",
				);
				PRODUCT_BUNDLE_IDENTIFIER = xsd.podTestUITests;
				PRODUCT_NAME = "$(TARGET_NAME)";
				TARGETED_DEVICE_FAMILY = "1,2";
				TEST_TARGET_NAME = podTest;
			};
			name = Release;
		};
/* End XCBuildConfiguration section */

/* Begin XCConfigurationList section */
		39E41263227584AC00714644 /* Build configuration list for PBXProject "podTest" */ = {
			isa = XCConfigurationList;
			buildConfigurations = (
				39E41292227584AE00714644 /* Debug */,
				39E41293227584AE00714644 /* Release */,
			);
			defaultConfigurationIsVisible = 0;
			defaultConfigurationName = Release;
		};
		39E41294227584AE00714644 /* Build configuration list for PBXNativeTarget "podTest" */ = {
			isa = XCConfigurationList;
			buildConfigurations = (
				39E41295227584AE00714644 /* Debug */,
				39E41296227584AE00714644 /* Release */,
			);
			defaultConfigurationIsVisible = 0;
			defaultConfigurationName = Release;
		};
		39E41297227584AE00714644 /* Build configuration list for PBXNativeTarget "podTestTests" */ = {
			isa = XCConfigurationList;
			buildConfigurations = (
				39E41298227584AE00714644 /* Debug */,
				39E41299227584AE00714644 /* Release */,
			);
			defaultConfigurationIsVisible = 0;
			defaultConfigurationName = Release;
		};
		39E4129A227584AE00714644 /* Build configuration list for PBXNativeTarget "podTestUITests" */ = {
			isa = XCConfigurationList;
			buildConfigurations = (
				39E4129B227584AE00714644 /* Debug */,
				39E4129C227584AE00714644 /* Release */,
			);
			defaultConfigurationIsVisible = 0;
			defaultConfigurationName = Release;
		};
/* End XCConfigurationList section */
	};
	rootObject = 39E41260227584AC00714644 /* Project object */;
}
